
Microsoft Visual Studio Solution File, Format Version 12.00
# Visual Studio 15
VisualStudioVersion = 15.0.26430.6
MinimumVisualStudioVersion = 10.0.40219.1
Project("{FAE04EC0-301F-11D3-BF4B-00C04F79EFBC}") = "CocosSharpMemoryLeakSample.Android", "CocosSharpMemoryLeakSample\CocosSharpMemoryLeakSample.Android\CocosSharpMemoryLeakSample.Android.csproj", "{B1FEC727-583B-46F8-9857-554BAD0B5C1C}"
EndProject
Project("{FAE04EC0-301F-11D3-BF4B-00C04F79EFBC}") = "CocosSharpMemoryLeakSample", "CocosSharpMemoryLeakSample\CocosSharpMemoryLeakSample\CocosSharpMemoryLeakSample.csproj", "{60FEC5F5-2DF9-48B1-B7EE-A19664069103}"
EndProject
Project("{FAE04EC0-301F-11D3-BF4B-00C04F79EFBC}") = "CocosSharpMemoryLeakSample.iOS", "CocosSharpMemoryLeakSample\CocosSharpMemoryLeakSample.iOS\CocosSharpMemoryLeakSample.iOS.csproj", "{7C986476-2BB1-49CE-9510-9D436CDA6A28}"
EndProject
Global
	GlobalSection(SolutionConfigurationPlatforms) = preSolution
		Ad-Hoc|Any CPU = Ad-Hoc|Any CPU
		Ad-Hoc|iPhone = Ad-Hoc|iPhone
		Ad-Hoc|iPhoneSimulator = Ad-Hoc|iPhoneSimulator
		AppStore|Any CPU = AppStore|Any CPU
		AppStore|iPhone = AppStore|iPhone
		AppStore|iPhoneSimulator = AppStore|iPhoneSimulator
		Debug|Any CPU = Debug|Any CPU
		Debug|iPhone = Debug|iPhone
		Debug|iPhoneSimulator = Debug|iPhoneSimulator
		Release|Any CPU = Release|Any CPU
		Release|iPhone = Release|iPhone
		Release|iPhoneSimulator = Release|iPhoneSimulator
	EndGlobalSection
	GlobalSection(ProjectConfigurationPlatforms) = postSolution
		{B1FEC727-583B-46F8-9857-554BAD0B5C1C}.Ad-Hoc|Any CPU.ActiveCfg = Release|Any CPU
		{B1FEC727-583B-46F8-9857-554BAD0B5C1C}.Ad-Hoc|Any CPU.Build.0 = Release|Any CPU
		{B1FEC727-583B-46F8-9857-554BAD0B5C1C}.Ad-Hoc|Any CPU.Deploy.0 = Release|Any CPU
		{B1FEC727-583B-46F8-9857-554BAD0B5C1C}.Ad-Hoc|iPhone.ActiveCfg = Release|Any CPU
		{B1FEC727-583B-46F8-9857-554BAD0B5C1C}.Ad-Hoc|iPhone.Build.0 = Release|Any CPU
		{B1FEC727-583B-46F8-9857-554BAD0B5C1C}.Ad-Hoc|iPhone.Deploy.0 = Release|Any CPU
		{B1FEC727-583B-46F8-9857-554BAD0B5C1C}.Ad-Hoc|iPhoneSimulator.ActiveCfg = Release|Any CPU
		{B1FEC727-583B-46F8-9857-554BAD0B5C1C}.Ad-Hoc|iPhoneSimulator.Build.0 = Release|Any CPU
		{B1FEC727-583B-46F8-9857-554BAD0B5C1C}.Ad-Hoc|iPhoneSimulator.Deploy.0 = Release|Any CPU
		{B1FEC727-583B-46F8-9857-554BAD0B5C1C}.AppStore|Any CPU.ActiveCfg = Release|Any CPU
		{B1FEC727-583B-46F8-9857-554BAD0B5C1C}.AppStore|Any CPU.Build.0 = Release|Any CPU
		{B1FEC727-583B-46F8-9857-554BAD0B5C1C}.AppStore|Any CPU.Deploy.0 = Release|Any CPU
		{B1FEC727-583B-46F8-9857-554BAD0B5C1C}.AppStore|iPhone.ActiveCfg = Release|Any CPU
		{B1FEC727-583B-46F8-9857-554BAD0B5C1C}.AppStore|iPhone.Build.0 = Release|Any CPU
		{B1FEC727-583B-46F8-9857-554BAD0B5C1C}.AppStore|iPhone.Deploy.0 = Release|Any CPU
		{B1FEC727-583B-46F8-9857-554BAD0B5C1C}.AppStore|iPhoneSimulator.ActiveCfg = Release|Any CPU
		{B1FEC727-583B-46F8-9857-554BAD0B5C1C}.AppStore|iPhoneSimulator.Build.0 = Release|Any CPU
		{B1FEC727-583B-46F8-9857-554BAD0B5C1C}.AppStore|iPhoneSimulator.Deploy.0 = Release|Any CPU
		{B1FEC727-583B-46F8-9857-554BAD0B5C1C}.Debug|Any CPU.ActiveCfg = Debug|Any CPU
		{B1FEC727-583B-46F8-9857-554BAD0B5C1C}.Debug|Any CPU.Build.0 = Debug|Any CPU
		{B1FEC727-583B-46F8-9857-554BAD0B5C1C}.Debug|Any CPU.Deploy.0 = Debug|Any CPU
		{B1FEC727-583B-46F8-9857-554BAD0B5C1C}.Debug|iPhone.ActiveCfg = Debug|Any CPU
		{B1FEC727-583B-46F8-9857-554BAD0B5C1C}.Debug|iPhone.Build.0 = Debug|Any CPU
		{B1FEC727-583B-46F8-9857-554BAD0B5C1C}.Debug|iPhone.Deploy.0 = Debug|Any CPU
		{B1FEC727-583B-46F8-9857-554BAD0B5C1C}.Debug|iPhoneSimulator.ActiveCfg = Debug|Any CPU
		{B1FEC727-583B-46F8-9857-554BAD0B5C1C}.Debug|iPhoneSimulator.Build.0 = Debug|Any CPU
		{B1FEC727-583B-46F8-9857-554BAD0B5C1C}.Debug|iPhoneSimulator.Deploy.0 = Debug|Any CPU
		{B1FEC727-583B-46F8-9857-554BAD0B5C1C}.Release|Any CPU.ActiveCfg = Release|Any CPU
		{B1FEC727-583B-46F8-9857-554BAD0B5C1C}.Release|Any CPU.Build.0 = Release|Any CPU
		{B1FEC727-583B-46F8-9857-554BAD0B5C1C}.Release|Any CPU.Deploy.0 = Release|Any CPU
		{B1FEC727-583B-46F8-9857-554BAD0B5C1C}.Release|iPhone.ActiveCfg = Release|Any CPU
		{B1FEC727-583B-46F8-9857-554BAD0B5C1C}.Release|iPhone.Build.0 = Release|Any CPU
		{B1FEC727-583B-46F8-9857-554BAD0B5C1C}.Release|iPhone.Deploy.0 = Release|Any CPU
		{B1FEC727-583B-46F8-9857-554BAD0B5C1C}.Release|iPhoneSimulator.ActiveCfg = Release|Any CPU
		{B1FEC727-583B-46F8-9857-554BAD0B5C1C}.Release|iPhoneSimulator.Build.0 = Release|Any CPU
		{B1FEC727-583B-46F8-9857-554BAD0B5C1C}.Release|iPhoneSimulator.Deploy.0 = Release|Any CPU
		{60FEC5F5-2DF9-48B1-B7EE-A19664069103}.Ad-Hoc|Any CPU.ActiveCfg = Release|Any CPU
		{60FEC5F5-2DF9-48B1-B7EE-A19664069103}.Ad-Hoc|Any CPU.Build.0 = Release|Any CPU
		{60FEC5F5-2DF9-48B1-B7EE-A19664069103}.Ad-Hoc|iPhone.ActiveCfg = Release|Any CPU
		{60FEC5F5-2DF9-48B1-B7EE-A19664069103}.Ad-Hoc|iPhone.Build.0 = Release|Any CPU
		{60FEC5F5-2DF9-48B1-B7EE-A19664069103}.Ad-Hoc|iPhoneSimulator.ActiveCfg = Release|Any CPU
		{60FEC5F5-2DF9-48B1-B7EE-A19664069103}.Ad-Hoc|iPhoneSimulator.Build.0 = Release|Any CPU
		{60FEC5F5-2DF9-48B1-B7EE-A19664069103}.AppStore|Any CPU.ActiveCfg = Release|Any CPU
		{60FEC5F5-2DF9-48B1-B7EE-A19664069103}.AppStore|Any CPU.Build.0 = Release|Any CPU
		{60FEC5F5-2DF9-48B1-B7EE-A19664069103}.AppStore|iPhone.ActiveCfg = Release|Any CPU
		{60FEC5F5-2DF9-48B1-B7EE-A19664069103}.AppStore|iPhone.Build.0 = Release|Any CPU
		{60FEC5F5-2DF9-48B1-B7EE-A19664069103}.AppStore|iPhoneSimulator.ActiveCfg = Release|Any CPU
		{60FEC5F5-2DF9-48B1-B7EE-A19664069103}.AppStore|iPhoneSimulator.Build.0 = Release|Any CPU
		{60FEC5F5-2DF9-48B1-B7EE-A19664069103}.Debug|Any CPU.ActiveCfg = Debug|Any CPU
		{60FEC5F5-2DF9-48B1-B7EE-A19664069103}.Debug|Any CPU.Build.0 = Debug|Any CPU
		{60FEC5F5-2DF9-48B1-B7EE-A19664069103}.Debug|iPhone.ActiveCfg = Debug|Any CPU
		{60FEC5F5-2DF9-48B1-B7EE-A19664069103}.Debug|iPhone.Build.0 = Debug|Any CPU
		{60FEC5F5-2DF9-48B1-B7EE-A19664069103}.Debug|iPhoneSimulator.ActiveCfg = Debug|Any CPU
		{60FEC5F5-2DF9-48B1-B7EE-A19664069103}.Debug|iPhoneSimulator.Build.0 = Debug|Any CPU
		{60FEC5F5-2DF9-48B1-B7EE-A19664069103}.Release|Any CPU.ActiveCfg = Release|Any CPU
		{60FEC5F5-2DF9-48B1-B7EE-A19664069103}.Release|Any CPU.Build.0 = Release|Any CPU
		{60FEC5F5-2DF9-48B1-B7EE-A19664069103}.Release|iPhone.ActiveCfg = Release|Any CPU
		{60FEC5F5-2DF9-48B1-B7EE-A19664069103}.Release|iPhone.Build.0 = Release|Any CPU
		{60FEC5F5-2DF9-48B1-B7EE-A19664069103}.Release|iPhoneSimulator.ActiveCfg = Release|Any CPU
		{60FEC5F5-2DF9-48B1-B7EE-A19664069103}.Release|iPhoneSimulator.Build.0 = Release|Any CPU
		{7C986476-2BB1-49CE-9510-9D436CDA6A28}.Ad-Hoc|Any CPU.ActiveCfg = Ad-Hoc|iPhone
		{7C986476-2BB1-49CE-9510-9D436CDA6A28}.Ad-Hoc|iPhone.ActiveCfg = Ad-Hoc|iPhone
		{7C986476-2BB1-49CE-9510-9D436CDA6A28}.Ad-Hoc|iPhone.Build.0 = Ad-Hoc|iPhone
		{7C986476-2BB1-49CE-9510-9D436CDA6A28}.Ad-Hoc|iPhoneSimulator.ActiveCfg = Ad-Hoc|iPhoneSimulator
		{7C986476-2BB1-49CE-9510-9D436CDA6A28}.Ad-Hoc|iPhoneSimulator.Build.0 = Ad-Hoc|iPhoneSimulator
		{7C986476-2BB1-49CE-9510-9D436CDA6A28}.AppStore|Any CPU.ActiveCfg = AppStore|iPhone
		{7C986476-2BB1-49CE-9510-9D436CDA6A28}.AppStore|iPhone.ActiveCfg = AppStore|iPhone
		{7C986476-2BB1-49CE-9510-9D436CDA6A28}.AppStore|iPhone.Build.0 = AppStore|iPhone
		{7C986476-2BB1-49CE-9510-9D436CDA6A28}.AppStore|iPhoneSimulator.ActiveCfg = AppStore|iPhoneSimulator
		{7C986476-2BB1-49CE-9510-9D436CDA6A28}.AppStore|iPhoneSimulator.Build.0 = AppStore|iPhoneSimulator
		{7C986476-2BB1-49CE-9510-9D436CDA6A28}.Debug|Any CPU.ActiveCfg = Debug|iPhone
		{7C986476-2BB1-49CE-9510-9D436CDA6A28}.Debug|iPhone.ActiveCfg = Debug|iPhone
		{7C986476-2BB1-49CE-9510-9D436CDA6A28}.Debug|iPhone.Build.0 = Debug|iPhone
		{7C986476-2BB1-49CE-9510-9D436CDA6A28}.Debug|iPhoneSimulator.ActiveCfg = Debug|iPhoneSimulator
		{7C986476-2BB1-49CE-9510-9D436CDA6A28}.Debug|iPhoneSimulator.Build.0 = Debug|iPhoneSimulator
		{7C986476-2BB1-49CE-9510-9D436CDA6A28}.Release|Any CPU.ActiveCfg = Release|iPhone
		{7C986476-2BB1-49CE-9510-9D436CDA6A28}.Release|iPhone.ActiveCfg = Release|iPhone
		{7C986476-2BB1-49CE-9510-9D436CDA6A28}.Release|iPhone.Build.0 = Release|iPhone
		{7C986476-2BB1-49CE-9510-9D436CDA6A28}.Release|iPhoneSimulator.ActiveCfg = Release|iPhoneSimulator
		{7C986476-2BB1-49CE-9510-9D436CDA6A28}.Release|iPhoneSimulator.Build.0 = Release|iPhoneSimulator
	EndGlobalSection
	GlobalSection(SolutionProperties) = preSolution
		HideSolutionNode = FALSE
	EndGlobalSection
EndGlobal
